
Microsoft Visual Studio Solution File, Format Version 12.00
# Visual Studio Version 17
VisualStudioVersion = 17.11.35312.102
MinimumVisualStudioVersion = 10.0.40219.1
Project("{FAE04EC0-301F-11D3-BF4B-00C04F79EFBC}") = "ConsoleRPG", "ConsoleRPG\ConsoleRPG.csproj", "{32684F15-2DD8-4959-9386-6B3E7AB095E3}"
EndProject
Global
	GlobalSection(SolutionConfigurationPlatforms) = preSolution
		Debug|Any CPU = Debug|Any CPU
		Release|Any CPU = Release|Any CPU
	EndGlobalSection
	GlobalSection(ProjectConfigurationPlatforms) = postSolution
		{32684F15-2DD8-4959-9386-6B3E7AB095E3}.Debug|Any CPU.ActiveCfg = Debug|Any CPU
		{32684F15-2DD8-4959-9386-6B3E7AB095E3}.Debug|Any CPU.Build.0 = Debug|Any CPU
		{32684F15-2DD8-4959-9386-6B3E7AB095E3}.Release|Any CPU.ActiveCfg = Release|Any CPU
		{32684F15-2DD8-4959-9386-6B3E7AB095E3}.Release|Any CPU.Build.0 = Release|Any CPU
	EndGlobalSection
	GlobalSection(SolutionProperties) = preSolution
		HideSolutionNode = FALSE
	EndGlobalSection
	GlobalSection(ExtensibilityGlobals) = postSolution
		SolutionGuid = {9212C3E9-B824-4386-967F-C9789C6F4322}
	EndGlobalSection
EndGlobal
